// !$*UTF8*$!
{
	archiveVersion = 1;
	classes = {
	};
	objectVersion = 46;
	objects = {

/* Begin PBXBuildFile section */
		A10EFEA61C42456B0047766C /* main.m in Sources */ = {isa = PBXBuildFile; fileRef = A10EFEA51C42456B0047766C /* main.m */; };
		A10EFEA91C42456B0047766C /* AppDelegate.m in Sources */ = {isa = PBXBuildFile; fileRef = A10EFEA81C42456B0047766C /* AppDelegate.m */; };
		A10EFEAC1C42456B0047766C /* ViewController.m in Sources */ = {isa = PBXBuildFile; fileRef = A10EFEAB1C42456B0047766C /* ViewController.m */; };
		A10EFEAF1C42456B0047766C /* Main.storyboard in Resources */ = {isa = PBXBuildFile; fileRef = A10EFEAD1C42456B0047766C /* Main.storyboard */; };
		A10EFEB11C42456B0047766C /* Assets.xcassets in Resources */ = {isa = PBXBuildFile; fileRef = A10EFEB01C42456B0047766C /* Assets.xcassets */; };
		A10EFEB41C42456B0047766C /* LaunchScreen.storyboard in Resources */ = {isa = PBXBuildFile; fileRef = A10EFEB21C42456B0047766C /* LaunchScreen.storyboard */; };
		A10EFEBD1C4245C30047766C /* BNRLine.m in Sources */ = {isa = PBXBuildFile; fileRef = A10EFEBC1C4245C30047766C /* BNRLine.m */; };
		A13C7D081C4248A400706C95 /* BNRDrawView.m in Sources */ = {isa = PBXBuildFile; fileRef = A13C7D071C4248A400706C95 /* BNRDrawView.m */; };
		A13C7D0C1C424A7500706C95 /* BNRDrawViewController.m in Sources */ = {isa = PBXBuildFile; fileRef = A13C7D0A1C424A7500706C95 /* BNRDrawViewController.m */; };
		A13C7D0D1C424A7500706C95 /* BNRDrawViewController.xib in Resources */ = {isa = PBXBuildFile; fileRef = A13C7D0B1C424A7500706C95 /* BNRDrawViewController.xib */; };
/* End PBXBuildFile section */

/* Begin PBXFileReference section */
		A10EFEA11C42456B0047766C /* TouchTracker.app */ = {isa = PBXFileReference; explicitFileType = wrapper.application; includeInIndex = 0; path = TouchTracker.app; sourceTree = BUILT_PRODUCTS_DIR; };
		A10EFEA51C42456B0047766C /* main.m */ = {isa = PBXFileReference; lastKnownFileType = sourcecode.c.objc; path = main.m; sourceTree = "<group>"; };
		A10EFEA71C42456B0047766C /* AppDelegate.h */ = {isa = PBXFileReference; lastKnownFileType = sourcecode.c.h; path = AppDelegate.h; sourceTree = "<group>"; };
		A10EFEA81C42456B0047766C /* AppDelegate.m */ = {isa = PBXFileReference; lastKnownFileType = sourcecode.c.objc; path = AppDelegate.m; sourceTree = "<group>"; };
		A10EFEAA1C42456B0047766C /* ViewController.h */ = {isa = PBXFileReference; lastKnownFileType = sourcecode.c.h; path = ViewController.h; sourceTree = "<group>"; };
		A10EFEAB1C42456B0047766C /* ViewController.m */ = {isa = PBXFileReference; lastKnownFileType = sourcecode.c.objc; path = ViewController.m; sourceTree = "<group>"; };
		A10EFEAE1C42456B0047766C /* Base */ = {isa = PBXFileReference; lastKnownFileType = file.storyboard; name = Base; path = Base.lproj/Main.storyboard; sourceTree = "<group>"; };
		A10EFEB01C42456B0047766C /* Assets.xcassets */ = {isa = PBXFileReference; lastKnownFileType = folder.assetcatalog; path = Assets.xcassets; sourceTree = "<group>"; };
		A10EFEB31C42456B0047766C /* Base */ = {isa = PBXFileReference; lastKnownFileType = file.storyboard; name = Base; path = Base.lproj/LaunchScreen.storyboard; sourceTree = "<group>"; };
		A10EFEB51C42456B0047766C /* Info.plist */ = {isa = PBXFileReference; lastKnownFileType = text.plist.xml; path = Info.plist; sourceTree = "<group>"; };
		A10EFEBB1C4245C30047766C /* BNRLine.h */ = {isa = PBXFileReference; fileEncoding = 4; lastKnownFileType = sourcecode.c.h; path = BNRLine.h; sourceTree = "<group>"; };
		A10EFEBC1C4245C30047766C /* BNRLine.m */ = {isa = PBXFileReference; fileEncoding = 4; lastKnownFileType = sourcecode.c.objc; path = BNRLine.m; sourceTree = "<group>"; };
		A13C7D061C4248A400706C95 /* BNRDrawView.h */ = {isa = PBXFileReference; fileEncoding = 4; lastKnownFileType = sourcecode.c.h; path = BNRDrawView.h; sourceTree = "<group>"; };
		A13C7D071C4248A400706C95 /* BNRDrawView.m */ = {isa = PBXFileReference; fileEncoding = 4; lastKnownFileType = sourcecode.c.objc; path = BNRDrawView.m; sourceTree = "<group>"; };
		A13C7D091C424A7500706C95 /* BNRDrawViewController.h */ = {isa = PBXFileReference; fileEncoding = 4; lastKnownFileType = sourcecode.c.h; path = BNRDrawViewController.h; sourceTree = "<group>"; };
		A13C7D0A1C424A7500706C95 /* BNRDrawViewController.m */ = {isa = PBXFileReference; fileEncoding = 4; lastKnownFileType = sourcecode.c.objc; path = BNRDrawViewController.m; sourceTree = "<group>"; };
		A13C7D0B1C424A7500706C95 /* BNRDrawViewController.xib */ = {isa = PBXFileReference; fileEncoding = 4; lastKnownFileType = file.xib; path = BNRDrawViewController.xib; sourceTree = "<group>"; };
/* End PBXFileReference section */

/* Begin PBXFrameworksBuildPhase section */
		A10EFE9E1C42456B0047766C /* Frameworks */ = {
			isa = PBXFrameworksBuildPhase;
			buildActionMask = 2147483647;
			files = (
			);
			runOnlyForDeploymentPostprocessing = 0;
		};
/* End PBXFrameworksBuildPhase section */

/* Begin PBXGroup section */
		A10EFE981C42456B0047766C = {
			isa = PBXGroup;
			children = (
				A13C7D091C424A7500706C95 /* BNRDrawViewController.h */,
				A13C7D0A1C424A7500706C95 /* BNRDrawViewController.m */,
				A13C7D0B1C424A7500706C95 /* BNRDrawViewController.xib */,
				A13C7D061C4248A400706C95 /* BNRDrawView.h */,
				A13C7D071C4248A400706C95 /* BNRDrawView.m */,
				A10EFEBB1C4245C30047766C /* BNRLine.h */,
				A10EFEBC1C4245C30047766C /* BNRLine.m */,
				A10EFEA31C42456B0047766C /* TouchTracker */,
				A10EFEA21C42456B0047766C /* Products */,
			);
			sourceTree = "<group>";
		};
		A10EFEA21C42456B0047766C /* Products */ = {
			isa = PBXGroup;
			children = (
				A10EFEA11C42456B0047766C /* TouchTracker.app */,
			);
			name = Products;
			sourceTree = "<group>";
		};
		A10EFEA31C42456B0047766C /* TouchTracker */ = {
			isa = PBXGroup;
			children = (
				A10EFEA71C42456B0047766C /* AppDelegate.h */,
				A10EFEA81C42456B0047766C /* AppDelegate.m */,
				A10EFEAA1C42456B0047766C /* ViewController.h */,
				A10EFEAB1C42456B0047766C /* ViewController.m */,
				A10EFEAD1C42456B0047766C /* Main.storyboard */,
				A10EFEB01C42456B0047766C /* Assets.xcassets */,
				A10EFEB21C42456B0047766C /* LaunchScreen.storyboard */,
				A10EFEB51C42456B0047766C /* Info.plist */,
				A10EFEA41C42456B0047766C /* Supporting Files */,
			);
			path = TouchTracker;
			sourceTree = "<group>";
		};
		A10EFEA41C42456B0047766C /* Supporting Files */ = {
			isa = PBXGroup;
			children = (
				A10EFEA51C42456B0047766C /* main.m */,
			);
			name = "Supporting Files";
			sourceTree = "<group>";
		};
/* End PBXGroup section */

/* Begin PBXNativeTarget section */
		A10EFEA01C42456B0047766C /* TouchTracker */ = {
			isa = PBXNativeTarget;
			buildConfigurationList = A10EFEB81C42456B0047766C /* Build configuration list for PBXNativeTarget "TouchTracker" */;
			buildPhases = (
				A10EFE9D1C42456B0047766C /* Sources */,
				A10EFE9E1C42456B0047766C /* Frameworks */,
				A10EFE9F1C42456B0047766C /* Resources */,
			);
			buildRules = (
			);
			dependencies = (
			);
			name = TouchTracker;
			productName = TouchTracker;
			productReference = A10EFEA11C42456B0047766C /* TouchTracker.app */;
			productType = "com.apple.product-type.application";
		};
/* End PBXNativeTarget section */

/* Begin PBXProject section */
		A10EFE991C42456B0047766C /* Project object */ = {
			isa = PBXProject;
			attributes = {
				CLASSPREFIX = BNR;
				LastUpgradeCheck = 0720;
				ORGANIZATIONNAME = ancool;
				TargetAttributes = {
					A10EFEA01C42456B0047766C = {
						CreatedOnToolsVersion = 7.2;
						DevelopmentTeam = WU7E79L28K;
					};
				};
			};
			buildConfigurationList = A10EFE9C1C42456B0047766C /* Build configuration list for PBXProject "TouchTracker" */;
			compatibilityVersion = "Xcode 3.2";
			developmentRegion = English;
			hasScannedForEncodings = 0;
			knownRegions = (
				en,
				Base,
			);
			mainGroup = A10EFE981C42456B0047766C;
			productRefGroup = A10EFEA21C42456B0047766C /* Products */;
			projectDirPath = "";
			projectRoot = "";
			targets = (
				A10EFEA01C42456B0047766C /* TouchTracker */,
			);
		};
/* End PBXProject section */

/* Begin PBXResourcesBuildPhase section */
		A10EFE9F1C42456B0047766C /* Resources */ = {
			isa = PBXResourcesBuildPhase;
			buildActionMask = 2147483647;
			files = (
				A10EFEB41C42456B0047766C /* LaunchScreen.storyboard in Resources */,
				A13C7D0D1C424A7500706C95 /* BNRDrawViewController.xib in Resources */,
				A10EFEB11C42456B0047766C /* Assets.xcassets in Resources */,
				A10EFEAF1C42456B0047766C /* Main.storyboard in Resources */,
			);
			runOnlyForDeploymentPostprocessing = 0;
		};
/* End PBXResourcesBuildPhase section */

/* Begin PBXSourcesBuildPhase section */
		A10EFE9D1C42456B0047766C /* Sources */ = {
			isa = PBXSourcesBuildPhase;
			buildActionMask = 2147483647;
			files = (
				A10EFEAC1C42456B0047766C /* ViewController.m in Sources */,
				A13C7D0C1C424A7500706C95 /* BNRDrawViewController.m in Sources */,
				A10EFEA91C42456B0047766C /* AppDelegate.m in Sources */,
				A10EFEBD1C4245C30047766C /* BNRLine.m in Sources */,
				A13C7D081C4248A400706C95 /* BNRDrawView.m in Sources */,
				A10EFEA61C42456B0047766C /* main.m in Sources */,
			);
			runOnlyForDeploymentPostprocessing = 0;
		};
/* End PBXSourcesBuildPhase section */

/* Begin PBXVariantGroup section */
		A10EFEAD1C42456B0047766C /* Main.storyboard */ = {
			isa = PBXVariantGroup;
			children = (
				A10EFEAE1C42456B0047766C /* Base */,
			);
			name = Main.storyboard;
			sourceTree = "<group>";
		};
		A10EFEB21C42456B0047766C /* LaunchScreen.storyboard */ = {
			isa = PBXVariantGroup;
			children = (
				A10EFEB31C42456B0047766C /* Base */,
			);
			name = LaunchScreen.storyboard;
			sourceTree = "<group>";
		};
/* End PBXVariantGroup section */

/* Begin XCBuildConfiguration section */
		A10EFEB61C42456B0047766C /* Debug */ = {
			isa = XCBuildConfiguration;
			buildSettings = {
				ALWAYS_SEARCH_USER_PATHS = NO;
				CLANG_CXX_LANGUAGE_STANDARD = "gnu++0x";
				CLANG_CXX_LIBRARY = "libc++";
				CLANG_ENABLE_MODULES = YES;
				CLANG_ENABLE_OBJC_ARC = YES;
				CLANG_WARN_BOOL_CONVERSION = YES;
				CLANG_WARN_CONSTANT_CONVERSION = YES;
				CLANG_WARN_DIRECT_OBJC_ISA_USAGE = YES_ERROR;
				CLANG_WARN_EMPTY_BODY = YES;
				CLANG_WARN_ENUM_CONVERSION = YES;
				CLANG_WARN_INT_CONVERSION = YES;
				CLANG_WARN_OBJC_ROOT_CLASS = YES_ERROR;
				CLANG_WARN_UNREACHABLE_CODE = YES;
				CLANG_WARN__DUPLICATE_METHOD_MATCH = YES;
				"CODE_SIGN_IDENTITY[sdk=iphoneos*]" = "iPhone Developer";
				COPY_PHASE_STRIP = NO;
				DEBUG_INFORMATION_FORMAT = dwarf;
				ENABLE_STRICT_OBJC_MSGSEND = YES;
				ENABLE_TESTABILITY = YES;
				GCC_C_LANGUAGE_STANDARD = gnu99;
				GCC_DYNAMIC_NO_PIC = NO;
				GCC_NO_COMMON_BLOCKS = YES;
				GCC_OPTIMIZATION_LEVEL = 0;
				GCC_PREPROCESSOR_DEFINITIONS = (
					"DEBUG=1",
					"$(inherited)",
				);
				GCC_WARN_64_TO_32_BIT_CONVERSION = YES;
				GCC_WARN_ABOUT_RETURN_TYPE = YES_ERROR;
				GCC_WARN_UNDECLARED_SELECTOR = YES;
				GCC_WARN_UNINITIALIZED_AUTOS = YES_AGGRESSIVE;
				GCC_WARN_UNUSED_FUNCTION = YES;
				GCC_WARN_UNUSED_VARIABLE = YES;
				IPHONEOS_DEPLOYMENT_TARGET = 9.2;
				MTL_ENABLE_DEBUG_INFO = YES;
				ONLY_ACTIVE_ARCH = YES;
				SDKROOT = iphoneos;
			};
			name = Debug;
		};
		A10EFEB71C42456B0047766C /* Release */ = {
			isa = XCBuildConfiguration;
			buildSettings = {
				ALWAYS_SEARCH_USER_PATHS = NO;
				CLANG_CXX_LANGUAGE_STANDARD = "gnu++0x";
				CLANG_CXX_LIBRARY = "libc++";
				CLANG_ENABLE_MODULES = YES;
				CLANG_ENABLE_OBJC_ARC = YES;
				CLANG_WARN_BOOL_CONVERSION = YES;
				CLANG_WARN_CONSTANT_CONVERSION = YES;
				CLANG_WARN_DIRECT_OBJC_ISA_USAGE = YES_ERROR;
				CLANG_WARN_EMPTY_BODY = YES;
				CLANG_WARN_ENUM_CONVERSION = YES;
				CLANG_WARN_INT_CONVERSION = YES;
				CLANG_WARN_OBJC_ROOT_CLASS = YES_ERROR;
				CLANG_WARN_UNREACHABLE_CODE = YES;
				CLANG_WARN__DUPLICATE_METHOD_MATCH = YES;
				"CODE_SIGN_IDENTITY[sdk=iphoneos*]" = "iPhone Developer";
				COPY_PHASE_STRIP = NO;
				DEBUG_INFORMATION_FORMAT = "dwarf-with-dsym";
				ENABLE_NS_ASSERTIONS = NO;
				ENABLE_STRICT_OBJC_MSGSEND = YES;
				GCC_C_LANGUAGE_STANDARD = gnu99;
				GCC_NO_COMMON_BLOCKS = YES;
				GCC_WARN_64_TO_32_BIT_CONVERSION = YES;
				GCC_WARN_ABOUT_RETURN_TYPE = YES_ERROR;
				GCC_WARN_UNDECLARED_SELECTOR = YES;
				GCC_WARN_UNINITIALIZED_AUTOS = YES_AGGRESSIVE;
				GCC_WARN_UNUSED_FUNCTION = YES;
				GCC_WARN_UNUSED_VARIABLE = YES;
				IPHONEOS_DEPLOYMENT_TARGET = 9.2;
				MTL_ENABLE_DEBUG_INFO = NO;
				SDKROOT = iphoneos;
				VALIDATE_PRODUCT = YES;
			};
			name = Release;
		};
		A10EFEB91C42456B0047766C /* Debug */ = {
			isa = XCBuildConfiguration;
			buildSettings = {
				ASSETCATALOG_COMPILER_APPICON_NAME = AppIcon;
				INFOPLIST_FILE = TouchTracker/Info.plist;
				LD_RUNPATH_SEARCH_PATHS = "$(inherited) @executable_path/Frameworks";
				PRODUCT_BUNDLE_IDENTIFIER = com.ancool.TouchTracker;
				PRODUCT_NAME = "$(TARGET_NAME)";
			};
			name = Debug;
		};
		A10EFEBA1C42456B0047766C /* Release */ = {
			isa = XCBuildConfiguration;
			buildSettings = {
				ASSETCATALOG_COMPILER_APPICON_NAME = AppIcon;
				INFOPLIST_FILE = TouchTracker/Info.plist;
				LD_RUNPATH_SEARCH_PATHS = "$(inherited) @executable_path/Frameworks";
				PRODUCT_BUNDLE_IDENTIFIER = com.ancool.TouchTracker;
				PRODUCT_NAME = "$(TARGET_NAME)";
			};
			name = Release;
		};
/* End XCBuildConfiguration section */

/* Begin XCConfigurationList section */
		A10EFE9C1C42456B0047766C /* Build configuration list for PBXProject "TouchTracker" */ = {
			isa = XCConfigurationList;
			buildConfigurations = (
				A10EFEB61C42456B0047766C /* Debug */,
				A10EFEB71C42456B0047766C /* Release */,
			);
			defaultConfigurationIsVisible = 0;
			defaultConfigurationName = Release;
		};
		A10EFEB81C42456B0047766C /* Build configuration list for PBXNativeTarget "TouchTracker" */ = {
			isa = XCConfigurationList;
			buildConfigurations = (
				A10EFEB91C42456B0047766C /* Debug */,
				A10EFEBA1C42456B0047766C /* Release */,
			);
			defaultConfigurationIsVisible = 0;
			defaultConfigurationName = Release;
		};
/* End XCConfigurationList section */
	};
	rootObject = A10EFE991C42456B0047766C /* Project object */;
}
